
Microsoft Visual Studio Solution File, Format Version 11.00
# Visual Studio 2010
Project("{FAE04EC0-301F-11D3-BF4B-00C04F79EFBC}") = "blogKata", "blogKata\blogKata.csproj", "{2ABE0CD2-8850-4F89-A17A-ADE43982FC6B}"
EndProject
Global
	GlobalSection(SolutionConfigurationPlatforms) = preSolution
		Debug|Any CPU = Debug|Any CPU
		Release|Any CPU = Release|Any CPU
	EndGlobalSection
	GlobalSection(ProjectConfigurationPlatforms) = postSolution
		{2ABE0CD2-8850-4F89-A17A-ADE43982FC6B}.Debug|Any CPU.ActiveCfg = Debug|Any CPU
		{2ABE0CD2-8850-4F89-A17A-ADE43982FC6B}.Debug|Any CPU.Build.0 = Debug|Any CPU
		{2ABE0CD2-8850-4F89-A17A-ADE43982FC6B}.Release|Any CPU.ActiveCfg = Release|Any CPU
		{2ABE0CD2-8850-4F89-A17A-ADE43982FC6B}.Release|Any CPU.Build.0 = Release|Any CPU
	EndGlobalSection
	GlobalSection(SolutionProperties) = preSolution
		HideSolutionNode = FALSE
	EndGlobalSection
EndGlobal
